
Microsoft Visual Studio Solution File, Format Version 12.00
# Visual Studio Version 16
VisualStudioVersion = 16.0.31911.196
MinimumVisualStudioVersion = 10.0.40219.1
Project("{FAE04EC0-301F-11D3-BF4B-00C04F79EFBC}") = "Inheritance", "Inheritance\Inheritance.csproj", "{1DAAEA69-6E73-4E8E-84F0-6E2BFD67A5EE}"
EndProject
Global
	GlobalSection(SolutionConfigurationPlatforms) = preSolution
		Debug|Any CPU = Debug|Any CPU
		Release|Any CPU = Release|Any CPU
	EndGlobalSection
	GlobalSection(ProjectConfigurationPlatforms) = postSolution
		{1DAAEA69-6E73-4E8E-84F0-6E2BFD67A5EE}.Debug|Any CPU.ActiveCfg = Debug|Any CPU
		{1DAAEA69-6E73-4E8E-84F0-6E2BFD67A5EE}.Debug|Any CPU.Build.0 = Debug|Any CPU
		{1DAAEA69-6E73-4E8E-84F0-6E2BFD67A5EE}.Release|Any CPU.ActiveCfg = Release|Any CPU
		{1DAAEA69-6E73-4E8E-84F0-6E2BFD67A5EE}.Release|Any CPU.Build.0 = Release|Any CPU
	EndGlobalSection
	GlobalSection(SolutionProperties) = preSolution
		HideSolutionNode = FALSE
	EndGlobalSection
	GlobalSection(ExtensibilityGlobals) = postSolution
		SolutionGuid = {88A6F737-4C7E-47AA-8E6C-F143CD02AA23}
	EndGlobalSection
EndGlobal
