
Microsoft Visual Studio Solution File, Format Version 12.00
# Visual Studio Version 16
VisualStudioVersion = 16.0.31911.196
MinimumVisualStudioVersion = 10.0.40219.1
Project("{FAE04EC0-301F-11D3-BF4B-00C04F79EFBC}") = "Constructors", "Constructors\Constructors.csproj", "{614ED112-7CB5-493B-A4D6-C2312FFA5F0A}"
EndProject
Global
	GlobalSection(SolutionConfigurationPlatforms) = preSolution
		Debug|Any CPU = Debug|Any CPU
		Release|Any CPU = Release|Any CPU
	EndGlobalSection
	GlobalSection(ProjectConfigurationPlatforms) = postSolution
		{614ED112-7CB5-493B-A4D6-C2312FFA5F0A}.Debug|Any CPU.ActiveCfg = Debug|Any CPU
		{614ED112-7CB5-493B-A4D6-C2312FFA5F0A}.Debug|Any CPU.Build.0 = Debug|Any CPU
		{614ED112-7CB5-493B-A4D6-C2312FFA5F0A}.Release|Any CPU.ActiveCfg = Release|Any CPU
		{614ED112-7CB5-493B-A4D6-C2312FFA5F0A}.Release|Any CPU.Build.0 = Release|Any CPU
	EndGlobalSection
	GlobalSection(SolutionProperties) = preSolution
		HideSolutionNode = FALSE
	EndGlobalSection
	GlobalSection(ExtensibilityGlobals) = postSolution
		SolutionGuid = {FBE7D7A8-C4FF-40B7-9375-2569153F4BB7}
	EndGlobalSection
EndGlobal
