
Microsoft Visual Studio Solution File, Format Version 12.00
# Visual Studio Version 16
VisualStudioVersion = 16.0.31911.196
MinimumVisualStudioVersion = 10.0.40219.1
Project("{FAE04EC0-301F-11D3-BF4B-00C04F79EFBC}") = "WebAPI", "WebAPI\WebAPI.csproj", "{381CF24E-2272-48B5-9E7E-6D58BD6E8C42}"
EndProject
Global
	GlobalSection(SolutionConfigurationPlatforms) = preSolution
		Debug|Any CPU = Debug|Any CPU
		Release|Any CPU = Release|Any CPU
	EndGlobalSection
	GlobalSection(ProjectConfigurationPlatforms) = postSolution
		{381CF24E-2272-48B5-9E7E-6D58BD6E8C42}.Debug|Any CPU.ActiveCfg = Debug|Any CPU
		{381CF24E-2272-48B5-9E7E-6D58BD6E8C42}.Debug|Any CPU.Build.0 = Debug|Any CPU
		{381CF24E-2272-48B5-9E7E-6D58BD6E8C42}.Release|Any CPU.ActiveCfg = Release|Any CPU
		{381CF24E-2272-48B5-9E7E-6D58BD6E8C42}.Release|Any CPU.Build.0 = Release|Any CPU
	EndGlobalSection
	GlobalSection(SolutionProperties) = preSolution
		HideSolutionNode = FALSE
	EndGlobalSection
	GlobalSection(ExtensibilityGlobals) = postSolution
		SolutionGuid = {2468B868-4998-4D90-841A-731A2BDDDD09}
	EndGlobalSection
EndGlobal
